
Microsoft Visual Studio Solution File, Format Version 12.00
# Visual Studio Version 17
VisualStudioVersion = 17.5.33530.505
MinimumVisualStudioVersion = 10.0.40219.1
Project("{FAE04EC0-301F-11D3-BF4B-00C04F79EFBC}") = "01.09 lb", "01.09 lb\01.09 lb.csproj", "{A81CEFC4-46AD-4660-8FF2-FDD4248A8109}"
EndProject
Global
	GlobalSection(SolutionConfigurationPlatforms) = preSolution
		Debug|Any CPU = Debug|Any CPU
		Release|Any CPU = Release|Any CPU
	EndGlobalSection
	GlobalSection(ProjectConfigurationPlatforms) = postSolution
		{A81CEFC4-46AD-4660-8FF2-FDD4248A8109}.Debug|Any CPU.ActiveCfg = Debug|Any CPU
		{A81CEFC4-46AD-4660-8FF2-FDD4248A8109}.Debug|Any CPU.Build.0 = Debug|Any CPU
		{A81CEFC4-46AD-4660-8FF2-FDD4248A8109}.Release|Any CPU.ActiveCfg = Release|Any CPU
		{A81CEFC4-46AD-4660-8FF2-FDD4248A8109}.Release|Any CPU.Build.0 = Release|Any CPU
	EndGlobalSection
	GlobalSection(SolutionProperties) = preSolution
		HideSolutionNode = FALSE
	EndGlobalSection
	GlobalSection(ExtensibilityGlobals) = postSolution
		SolutionGuid = {3054EB60-165F-492A-B8A3-C9F754B49B44}
	EndGlobalSection
EndGlobal
